// !$*UTF8*$!
{
	archiveVersion = 1;
	classes = {
	};
	objectVersion = 51;
	objects = {

/* Begin PBXBuildFile section */
		10DC2CF8C6D8A1CACA83F6C9 /* Pods_Mind_Valley_AppTests.framework in Frameworks */ = {isa = PBXBuildFile; fileRef = F4966F14D615A46705340F22 /* Pods_Mind_Valley_AppTests.framework */; };
		9A8876AF4A69087FCE6EA282 /* Pods_Mind_Valley_App.framework in Frameworks */ = {isa = PBXBuildFile; fileRef = F83C8E69BBB6F750C454D11B /* Pods_Mind_Valley_App.framework */; };
		E6020F3024C23DF8000D0A5C /* SubchannelsEntities.swift in Sources */ = {isa = PBXBuildFile; fileRef = E6020F2124C23DF8000D0A5C /* SubchannelsEntities.swift */; };
		E6020F3124C23DF8000D0A5C /* SubchannelsPresenter.swift in Sources */ = {isa = PBXBuildFile; fileRef = E6020F2324C23DF8000D0A5C /* SubchannelsPresenter.swift */; };
		E6020F3224C23DF8000D0A5C /* SubchannelsNetworkDao.swift in Sources */ = {isa = PBXBuildFile; fileRef = E6020F2524C23DF8000D0A5C /* SubchannelsNetworkDao.swift */; };
		E6020F3324C23DF8000D0A5C /* SubchannelsView.swift in Sources */ = {isa = PBXBuildFile; fileRef = E6020F2724C23DF8000D0A5C /* SubchannelsView.swift */; };
		E6020F3624C23DF8000D0A5C /* SubchannelsRepo.swift in Sources */ = {isa = PBXBuildFile; fileRef = E6020F2C24C23DF8000D0A5C /* SubchannelsRepo.swift */; };
		E6020F3924C300CB000D0A5C /* ChannelsViewController.storyboard in Resources */ = {isa = PBXBuildFile; fileRef = E6020F3824C300CB000D0A5C /* ChannelsViewController.storyboard */; };
		E6020F3B24C311C5000D0A5C /* CategoryMemoryDao.swift in Sources */ = {isa = PBXBuildFile; fileRef = E6020F3A24C311C5000D0A5C /* CategoryMemoryDao.swift */; };
		E6020F3E24C31228000D0A5C /* MemoryHandler.swift in Sources */ = {isa = PBXBuildFile; fileRef = E6020F3D24C31228000D0A5C /* MemoryHandler.swift */; };
		E6020F4024C3124B000D0A5C /* MemoryHandlerInterface.swift in Sources */ = {isa = PBXBuildFile; fileRef = E6020F3F24C3124B000D0A5C /* MemoryHandlerInterface.swift */; };
		E6020F4224C3139E000D0A5C /* NewEpisodesMemoryDao.swift in Sources */ = {isa = PBXBuildFile; fileRef = E6020F4124C3139E000D0A5C /* NewEpisodesMemoryDao.swift */; };
		E6020F4424C3141F000D0A5C /* SubchannelsMemoryDao.swift in Sources */ = {isa = PBXBuildFile; fileRef = E6020F4324C3141F000D0A5C /* SubchannelsMemoryDao.swift */; };
		E60FF24D24C333F800BD7208 /* Roboto-Medium.ttf in Resources */ = {isa = PBXBuildFile; fileRef = E60FF24024C333F800BD7208 /* Roboto-Medium.ttf */; };
		E60FF24E24C333F800BD7208 /* Roboto-Light.ttf in Resources */ = {isa = PBXBuildFile; fileRef = E60FF24124C333F800BD7208 /* Roboto-Light.ttf */; };
		E60FF24F24C333F800BD7208 /* Roboto-Regular.ttf in Resources */ = {isa = PBXBuildFile; fileRef = E60FF24224C333F800BD7208 /* Roboto-Regular.ttf */; };
		E60FF25024C333F800BD7208 /* Roboto-MediumItalic.ttf in Resources */ = {isa = PBXBuildFile; fileRef = E60FF24324C333F800BD7208 /* Roboto-MediumItalic.ttf */; };
		E60FF25124C333F800BD7208 /* Roboto-ThinItalic.ttf in Resources */ = {isa = PBXBuildFile; fileRef = E60FF24424C333F800BD7208 /* Roboto-ThinItalic.ttf */; };
		E60FF25224C333F800BD7208 /* Roboto-BoldItalic.ttf in Resources */ = {isa = PBXBuildFile; fileRef = E60FF24524C333F800BD7208 /* Roboto-BoldItalic.ttf */; };
		E60FF25324C333F800BD7208 /* Roboto-LightItalic.ttf in Resources */ = {isa = PBXBuildFile; fileRef = E60FF24624C333F800BD7208 /* Roboto-LightItalic.ttf */; };
		E60FF25424C333F800BD7208 /* Roboto-Italic.ttf in Resources */ = {isa = PBXBuildFile; fileRef = E60FF24724C333F800BD7208 /* Roboto-Italic.ttf */; };
		E60FF25524C333F800BD7208 /* LICENSE.txt in Resources */ = {isa = PBXBuildFile; fileRef = E60FF24824C333F800BD7208 /* LICENSE.txt */; };
		E60FF25624C333F800BD7208 /* Roboto-BlackItalic.ttf in Resources */ = {isa = PBXBuildFile; fileRef = E60FF24924C333F800BD7208 /* Roboto-BlackItalic.ttf */; };
		E60FF25724C333F800BD7208 /* Roboto-Bold.ttf in Resources */ = {isa = PBXBuildFile; fileRef = E60FF24A24C333F800BD7208 /* Roboto-Bold.ttf */; };
		E60FF25824C333F800BD7208 /* Roboto-Thin.ttf in Resources */ = {isa = PBXBuildFile; fileRef = E60FF24B24C333F800BD7208 /* Roboto-Thin.ttf */; };
		E60FF25924C333F800BD7208 /* Roboto-Black.ttf in Resources */ = {isa = PBXBuildFile; fileRef = E60FF24C24C333F800BD7208 /* Roboto-Black.ttf */; };
		E60FF25C24C334E300BD7208 /* FontKit.swift in Sources */ = {isa = PBXBuildFile; fileRef = E60FF25B24C334E300BD7208 /* FontKit.swift */; };
		E60FF29124C343CC00BD7208 /* SeriesCell.swift in Sources */ = {isa = PBXBuildFile; fileRef = E60FF28124C343CC00BD7208 /* SeriesCell.swift */; };
		E60FF29224C343CC00BD7208 /* SeriesView.swift in Sources */ = {isa = PBXBuildFile; fileRef = E60FF28224C343CC00BD7208 /* SeriesView.swift */; };
		E60FF2A524C3441B00BD7208 /* CoursesCell.swift in Sources */ = {isa = PBXBuildFile; fileRef = E60FF29F24C3441B00BD7208 /* CoursesCell.swift */; };
		E60FF2A724C3441B00BD7208 /* CoursesView.swift in Sources */ = {isa = PBXBuildFile; fileRef = E60FF2A124C3441B00BD7208 /* CoursesView.swift */; };
		E641D75924C1CDBB00FEB37E /* AppDelegate.swift in Sources */ = {isa = PBXBuildFile; fileRef = E641D75824C1CDBB00FEB37E /* AppDelegate.swift */; };
		E641D75B24C1CDBB00FEB37E /* SceneDelegate.swift in Sources */ = {isa = PBXBuildFile; fileRef = E641D75A24C1CDBB00FEB37E /* SceneDelegate.swift */; };
		E641D75D24C1CDBB00FEB37E /* ViewController.swift in Sources */ = {isa = PBXBuildFile; fileRef = E641D75C24C1CDBB00FEB37E /* ViewController.swift */; };
		E641D76024C1CDBB00FEB37E /* Main.storyboard in Resources */ = {isa = PBXBuildFile; fileRef = E641D75E24C1CDBB00FEB37E /* Main.storyboard */; };
		E641D76224C1CDBE00FEB37E /* Assets.xcassets in Resources */ = {isa = PBXBuildFile; fileRef = E641D76124C1CDBE00FEB37E /* Assets.xcassets */; };
		E641D76524C1CDBE00FEB37E /* LaunchScreen.storyboard in Resources */ = {isa = PBXBuildFile; fileRef = E641D76324C1CDBE00FEB37E /* LaunchScreen.storyboard */; };
		E641D77024C1CDBE00FEB37E /* Mind_Valley_AppTests.swift in Sources */ = {isa = PBXBuildFile; fileRef = E641D76F24C1CDBE00FEB37E /* Mind_Valley_AppTests.swift */; };
		E691416024C61F48003A43EC /* CategoryView.swift in Sources */ = {isa = PBXBuildFile; fileRef = E691415F24C61F48003A43EC /* CategoryView.swift */; };
		E691416224C61F80003A43EC /* CategoryView.xib in Resources */ = {isa = PBXBuildFile; fileRef = E691416124C61F80003A43EC /* CategoryView.xib */; };
		E691416424C62166003A43EC /* NewEpisodesView.xib in Resources */ = {isa = PBXBuildFile; fileRef = E691416324C62166003A43EC /* NewEpisodesView.xib */; };
		E691416624C621DC003A43EC /* SubchannelsView.xib in Resources */ = {isa = PBXBuildFile; fileRef = E691416524C621DC003A43EC /* SubchannelsView.xib */; };
		E691416824C6233A003A43EC /* CoursesView.xib in Resources */ = {isa = PBXBuildFile; fileRef = E691416724C6233A003A43EC /* CoursesView.xib */; };
		E691416A24C6244A003A43EC /* SeriesView.xib in Resources */ = {isa = PBXBuildFile; fileRef = E691416924C6244A003A43EC /* SeriesView.xib */; };
		E691416D24C630FF003A43EC /* ChannelsPresenter.swift in Sources */ = {isa = PBXBuildFile; fileRef = E691416C24C630FF003A43EC /* ChannelsPresenter.swift */; };
		E691416F24C63FAE003A43EC /* NewEpisodesCell.xib in Resources */ = {isa = PBXBuildFile; fileRef = E691416E24C63FAE003A43EC /* NewEpisodesCell.xib */; };
		E691417124C64358003A43EC /* ChannelsInterface.swift in Sources */ = {isa = PBXBuildFile; fileRef = E691417024C64358003A43EC /* ChannelsInterface.swift */; };
		E691417424C645F7003A43EC /* CoursesPresenter.swift in Sources */ = {isa = PBXBuildFile; fileRef = E691417324C645F7003A43EC /* CoursesPresenter.swift */; };
		E691417924C64643003A43EC /* SeriesPresenter.swift in Sources */ = {isa = PBXBuildFile; fileRef = E691417824C64643003A43EC /* SeriesPresenter.swift */; };
		E691417B24C64E17003A43EC /* CoursesCell.xib in Resources */ = {isa = PBXBuildFile; fileRef = E691417A24C64E17003A43EC /* CoursesCell.xib */; };
		E691417D24C64E2E003A43EC /* SeriesCell.xib in Resources */ = {isa = PBXBuildFile; fileRef = E691417C24C64E2E003A43EC /* SeriesCell.xib */; };
		E691418824C7647D003A43EC /* CategoryCell.xib in Resources */ = {isa = PBXBuildFile; fileRef = E691418724C7647D003A43EC /* CategoryCell.xib */; };
		E691418B24C889C5003A43EC /* SelfResizingTableView.swift in Sources */ = {isa = PBXBuildFile; fileRef = E691418A24C889C5003A43EC /* SelfResizingTableView.swift */; };
		E6DC563F24C22C0B00A5D91D /* NetworkInterface.swift in Sources */ = {isa = PBXBuildFile; fileRef = E6DC563C24C22C0B00A5D91D /* NetworkInterface.swift */; };
		E6DC564024C22C0B00A5D91D /* Network.swift in Sources */ = {isa = PBXBuildFile; fileRef = E6DC563D24C22C0B00A5D91D /* Network.swift */; };
		E6DC564124C22C0B00A5D91D /* RequestInfo.swift in Sources */ = {isa = PBXBuildFile; fileRef = E6DC563E24C22C0B00A5D91D /* RequestInfo.swift */; };
		E6DC565F24C22CA100A5D91D /* ChannelsViewController.swift in Sources */ = {isa = PBXBuildFile; fileRef = E6DC565E24C22CA100A5D91D /* ChannelsViewController.swift */; };
		E6DC567524C22DBD00A5D91D /* CategoryEntities.swift in Sources */ = {isa = PBXBuildFile; fileRef = E6DC566624C22DBD00A5D91D /* CategoryEntities.swift */; };
		E6DC567624C22DBD00A5D91D /* CategoryPresenter.swift in Sources */ = {isa = PBXBuildFile; fileRef = E6DC566824C22DBD00A5D91D /* CategoryPresenter.swift */; };
		E6DC567724C22DBD00A5D91D /* CategoryNetworkDao.swift in Sources */ = {isa = PBXBuildFile; fileRef = E6DC566A24C22DBD00A5D91D /* CategoryNetworkDao.swift */; };
		E6DC567C24C22DBD00A5D91D /* CategoryRepo.swift in Sources */ = {isa = PBXBuildFile; fileRef = E6DC567224C22DBD00A5D91D /* CategoryRepo.swift */; };
		E6DC568224C22F9200A5D91D /* ChannelsRouter.swift in Sources */ = {isa = PBXBuildFile; fileRef = E6DC568124C22F9200A5D91D /* ChannelsRouter.swift */; };
		E6DC568424C232FD00A5D91D /* CategoryCell.swift in Sources */ = {isa = PBXBuildFile; fileRef = E6DC568324C232FD00A5D91D /* CategoryCell.swift */; };
		E6DC569624C2333A00A5D91D /* NewEpisodesEntities.swift in Sources */ = {isa = PBXBuildFile; fileRef = E6DC568724C2333A00A5D91D /* NewEpisodesEntities.swift */; };
		E6DC569724C2333A00A5D91D /* NewEpisodesPresenter.swift in Sources */ = {isa = PBXBuildFile; fileRef = E6DC568924C2333A00A5D91D /* NewEpisodesPresenter.swift */; };
		E6DC569824C2333A00A5D91D /* NewEpisodesNetworkDao.swift in Sources */ = {isa = PBXBuildFile; fileRef = E6DC568B24C2333A00A5D91D /* NewEpisodesNetworkDao.swift */; };
		E6DC569A24C2333A00A5D91D /* NewEpisodesCell.swift in Sources */ = {isa = PBXBuildFile; fileRef = E6DC568F24C2333A00A5D91D /* NewEpisodesCell.swift */; };
		E6DC569B24C2333A00A5D91D /* NewEpisodesView.swift in Sources */ = {isa = PBXBuildFile; fileRef = E6DC569024C2333A00A5D91D /* NewEpisodesView.swift */; };
		E6DC569D24C2333A00A5D91D /* NewEpisodesRepo.swift in Sources */ = {isa = PBXBuildFile; fileRef = E6DC569324C2333A00A5D91D /* NewEpisodesRepo.swift */; };
/* End PBXBuildFile section */

/* Begin PBXContainerItemProxy section */
		E641D76C24C1CDBE00FEB37E /* PBXContainerItemProxy */ = {
			isa = PBXContainerItemProxy;
			containerPortal = E641D74D24C1CDBB00FEB37E /* Project object */;
			proxyType = 1;
			remoteGlobalIDString = E641D75424C1CDBB00FEB37E;
			remoteInfo = "Mind Valley App";
		};
/* End PBXContainerItemProxy section */

/* Begin PBXFileReference section */
		28542AC5AC473AD097FE6028 /* Pods-Mind Valley AppTests.release.xcconfig */ = {isa = PBXFileReference; includeInIndex = 1; lastKnownFileType = text.xcconfig; name = "Pods-Mind Valley AppTests.release.xcconfig"; path = "Target Support Files/Pods-Mind Valley AppTests/Pods-Mind Valley AppTests.release.xcconfig"; sourceTree = "<group>"; };
		8150F755F75E7C312C5DEFFE /* Pods-Mind Valley App.release.xcconfig */ = {isa = PBXFileReference; includeInIndex = 1; lastKnownFileType = text.xcconfig; name = "Pods-Mind Valley App.release.xcconfig"; path = "Target Support Files/Pods-Mind Valley App/Pods-Mind Valley App.release.xcconfig"; sourceTree = "<group>"; };
		AA6BD3F33B217695FACF3A6C /* Pods-Mind Valley AppTests.debug.xcconfig */ = {isa = PBXFileReference; includeInIndex = 1; lastKnownFileType = text.xcconfig; name = "Pods-Mind Valley AppTests.debug.xcconfig"; path = "Target Support Files/Pods-Mind Valley AppTests/Pods-Mind Valley AppTests.debug.xcconfig"; sourceTree = "<group>"; };
		E6020F2124C23DF8000D0A5C /* SubchannelsEntities.swift */ = {isa = PBXFileReference; fileEncoding = 4; lastKnownFileType = sourcecode.swift; path = SubchannelsEntities.swift; sourceTree = "<group>"; };
		E6020F2324C23DF8000D0A5C /* SubchannelsPresenter.swift */ = {isa = PBXFileReference; fileEncoding = 4; lastKnownFileType = sourcecode.swift; path = SubchannelsPresenter.swift; sourceTree = "<group>"; };
		E6020F2524C23DF8000D0A5C /* SubchannelsNetworkDao.swift */ = {isa = PBXFileReference; fileEncoding = 4; lastKnownFileType = sourcecode.swift; path = SubchannelsNetworkDao.swift; sourceTree = "<group>"; };
		E6020F2724C23DF8000D0A5C /* SubchannelsView.swift */ = {isa = PBXFileReference; fileEncoding = 4; lastKnownFileType = sourcecode.swift; path = SubchannelsView.swift; sourceTree = "<group>"; };
		E6020F2C24C23DF8000D0A5C /* SubchannelsRepo.swift */ = {isa = PBXFileReference; fileEncoding = 4; lastKnownFileType = sourcecode.swift; path = SubchannelsRepo.swift; sourceTree = "<group>"; };
		E6020F3824C300CB000D0A5C /* ChannelsViewController.storyboard */ = {isa = PBXFileReference; lastKnownFileType = file.storyboard; path = ChannelsViewController.storyboard; sourceTree = "<group>"; };
		E6020F3A24C311C5000D0A5C /* CategoryMemoryDao.swift */ = {isa = PBXFileReference; lastKnownFileType = sourcecode.swift; path = CategoryMemoryDao.swift; sourceTree = "<group>"; };
		E6020F3D24C31228000D0A5C /* MemoryHandler.swift */ = {isa = PBXFileReference; lastKnownFileType = sourcecode.swift; path = MemoryHandler.swift; sourceTree = "<group>"; };
		E6020F3F24C3124B000D0A5C /* MemoryHandlerInterface.swift */ = {isa = PBXFileReference; lastKnownFileType = sourcecode.swift; path = MemoryHandlerInterface.swift; sourceTree = "<group>"; };
		E6020F4124C3139E000D0A5C /* NewEpisodesMemoryDao.swift */ = {isa = PBXFileReference; lastKnownFileType = sourcecode.swift; path = NewEpisodesMemoryDao.swift; sourceTree = "<group>"; };
		E6020F4324C3141F000D0A5C /* SubchannelsMemoryDao.swift */ = {isa = PBXFileReference; lastKnownFileType = sourcecode.swift; path = SubchannelsMemoryDao.swift; sourceTree = "<group>"; };
		E60FF24024C333F800BD7208 /* Roboto-Medium.ttf */ = {isa = PBXFileReference; lastKnownFileType = file; path = "Roboto-Medium.ttf"; sourceTree = "<group>"; };
		E60FF24124C333F800BD7208 /* Roboto-Light.ttf */ = {isa = PBXFileReference; lastKnownFileType = file; path = "Roboto-Light.ttf"; sourceTree = "<group>"; };
		E60FF24224C333F800BD7208 /* Roboto-Regular.ttf */ = {isa = PBXFileReference; lastKnownFileType = file; path = "Roboto-Regular.ttf"; sourceTree = "<group>"; };
		E60FF24324C333F800BD7208 /* Roboto-MediumItalic.ttf */ = {isa = PBXFileReference; lastKnownFileType = file; path = "Roboto-MediumItalic.ttf"; sourceTree = "<group>"; };
		E60FF24424C333F800BD7208 /* Roboto-ThinItalic.ttf */ = {isa = PBXFileReference; lastKnownFileType = file; path = "Roboto-ThinItalic.ttf"; sourceTree = "<group>"; };
		E60FF24524C333F800BD7208 /* Roboto-BoldItalic.ttf */ = {isa = PBXFileReference; lastKnownFileType = file; path = "Roboto-BoldItalic.ttf"; sourceTree = "<group>"; };
		E60FF24624C333F800BD7208 /* Roboto-LightItalic.ttf */ = {isa = PBXFileReference; lastKnownFileType = file; path = "Roboto-LightItalic.ttf"; sourceTree = "<group>"; };
		E60FF24724C333F800BD7208 /* Roboto-Italic.ttf */ = {isa = PBXFileReference; lastKnownFileType = file; path = "Roboto-Italic.ttf"; sourceTree = "<group>"; };
		E60FF24824C333F800BD7208 /* LICENSE.txt */ = {isa = PBXFileReference; fileEncoding = 4; lastKnownFileType = text; path = LICENSE.txt; sourceTree = "<group>"; };
		E60FF24924C333F800BD7208 /* Roboto-BlackItalic.ttf */ = {isa = PBXFileReference; lastKnownFileType = file; path = "Roboto-BlackItalic.ttf"; sourceTree = "<group>"; };
		E60FF24A24C333F800BD7208 /* Roboto-Bold.ttf */ = {isa = PBXFileReference; lastKnownFileType = file; path = "Roboto-Bold.ttf"; sourceTree = "<group>"; };
		E60FF24B24C333F800BD7208 /* Roboto-Thin.ttf */ = {isa = PBXFileReference; lastKnownFileType = file; path = "Roboto-Thin.ttf"; sourceTree = "<group>"; };
		E60FF24C24C333F800BD7208 /* Roboto-Black.ttf */ = {isa = PBXFileReference; lastKnownFileType = file; path = "Roboto-Black.ttf"; sourceTree = "<group>"; };
		E60FF25B24C334E300BD7208 /* FontKit.swift */ = {isa = PBXFileReference; lastKnownFileType = sourcecode.swift; path = FontKit.swift; sourceTree = "<group>"; };
		E60FF28124C343CC00BD7208 /* SeriesCell.swift */ = {isa = PBXFileReference; fileEncoding = 4; lastKnownFileType = sourcecode.swift; path = SeriesCell.swift; sourceTree = "<group>"; };
		E60FF28224C343CC00BD7208 /* SeriesView.swift */ = {isa = PBXFileReference; fileEncoding = 4; lastKnownFileType = sourcecode.swift; path = SeriesView.swift; sourceTree = "<group>"; };
		E60FF29F24C3441B00BD7208 /* CoursesCell.swift */ = {isa = PBXFileReference; fileEncoding = 4; lastKnownFileType = sourcecode.swift; path = CoursesCell.swift; sourceTree = "<group>"; };
		E60FF2A124C3441B00BD7208 /* CoursesView.swift */ = {isa = PBXFileReference; fileEncoding = 4; lastKnownFileType = sourcecode.swift; path = CoursesView.swift; sourceTree = "<group>"; };
		E641D75524C1CDBB00FEB37E /* Mind Valley App.app */ = {isa = PBXFileReference; explicitFileType = wrapper.application; includeInIndex = 0; path = "Mind Valley App.app"; sourceTree = BUILT_PRODUCTS_DIR; };
		E641D75824C1CDBB00FEB37E /* AppDelegate.swift */ = {isa = PBXFileReference; lastKnownFileType = sourcecode.swift; path = AppDelegate.swift; sourceTree = "<group>"; };
		E641D75A24C1CDBB00FEB37E /* SceneDelegate.swift */ = {isa = PBXFileReference; lastKnownFileType = sourcecode.swift; path = SceneDelegate.swift; sourceTree = "<group>"; };
		E641D75C24C1CDBB00FEB37E /* ViewController.swift */ = {isa = PBXFileReference; lastKnownFileType = sourcecode.swift; path = ViewController.swift; sourceTree = "<group>"; };
		E641D75F24C1CDBB00FEB37E /* Base */ = {isa = PBXFileReference; lastKnownFileType = file.storyboard; name = Base; path = Base.lproj/Main.storyboard; sourceTree = "<group>"; };
		E641D76124C1CDBE00FEB37E /* Assets.xcassets */ = {isa = PBXFileReference; lastKnownFileType = folder.assetcatalog; path = Assets.xcassets; sourceTree = "<group>"; };
		E641D76424C1CDBE00FEB37E /* Base */ = {isa = PBXFileReference; lastKnownFileType = file.storyboard; name = Base; path = Base.lproj/LaunchScreen.storyboard; sourceTree = "<group>"; };
		E641D76624C1CDBE00FEB37E /* Info.plist */ = {isa = PBXFileReference; lastKnownFileType = text.plist.xml; path = Info.plist; sourceTree = "<group>"; };
		E641D76B24C1CDBE00FEB37E /* Mind Valley AppTests.xctest */ = {isa = PBXFileReference; explicitFileType = wrapper.cfbundle; includeInIndex = 0; path = "Mind Valley AppTests.xctest"; sourceTree = BUILT_PRODUCTS_DIR; };
		E641D76F24C1CDBE00FEB37E /* Mind_Valley_AppTests.swift */ = {isa = PBXFileReference; lastKnownFileType = sourcecode.swift; path = Mind_Valley_AppTests.swift; sourceTree = "<group>"; };
		E641D77124C1CDBE00FEB37E /* Info.plist */ = {isa = PBXFileReference; lastKnownFileType = text.plist.xml; path = Info.plist; sourceTree = "<group>"; };
		E691415F24C61F48003A43EC /* CategoryView.swift */ = {isa = PBXFileReference; lastKnownFileType = sourcecode.swift; path = CategoryView.swift; sourceTree = "<group>"; };
		E691416124C61F80003A43EC /* CategoryView.xib */ = {isa = PBXFileReference; lastKnownFileType = file.xib; path = CategoryView.xib; sourceTree = "<group>"; };
		E691416324C62166003A43EC /* NewEpisodesView.xib */ = {isa = PBXFileReference; lastKnownFileType = file.xib; path = NewEpisodesView.xib; sourceTree = "<group>"; };
		E691416524C621DC003A43EC /* SubchannelsView.xib */ = {isa = PBXFileReference; lastKnownFileType = file.xib; path = SubchannelsView.xib; sourceTree = "<group>"; };
		E691416724C6233A003A43EC /* CoursesView.xib */ = {isa = PBXFileReference; lastKnownFileType = file.xib; path = CoursesView.xib; sourceTree = "<group>"; };
		E691416924C6244A003A43EC /* SeriesView.xib */ = {isa = PBXFileReference; lastKnownFileType = file.xib; path = SeriesView.xib; sourceTree = "<group>"; };
		E691416C24C630FF003A43EC /* ChannelsPresenter.swift */ = {isa = PBXFileReference; fileEncoding = 4; lastKnownFileType = sourcecode.swift; path = ChannelsPresenter.swift; sourceTree = "<group>"; };
		E691416E24C63FAE003A43EC /* NewEpisodesCell.xib */ = {isa = PBXFileReference; lastKnownFileType = file.xib; path = NewEpisodesCell.xib; sourceTree = "<group>"; };
		E691417024C64358003A43EC /* ChannelsInterface.swift */ = {isa = PBXFileReference; fileEncoding = 4; lastKnownFileType = sourcecode.swift; path = ChannelsInterface.swift; sourceTree = "<group>"; };
		E691417324C645F7003A43EC /* CoursesPresenter.swift */ = {isa = PBXFileReference; fileEncoding = 4; lastKnownFileType = sourcecode.swift; path = CoursesPresenter.swift; sourceTree = "<group>"; };
		E691417824C64643003A43EC /* SeriesPresenter.swift */ = {isa = PBXFileReference; fileEncoding = 4; lastKnownFileType = sourcecode.swift; path = SeriesPresenter.swift; sourceTree = "<group>"; };
		E691417A24C64E17003A43EC /* CoursesCell.xib */ = {isa = PBXFileReference; lastKnownFileType = file.xib; path = CoursesCell.xib; sourceTree = "<group>"; };
		E691417C24C64E2E003A43EC /* SeriesCell.xib */ = {isa = PBXFileReference; lastKnownFileType = file.xib; path = SeriesCell.xib; sourceTree = "<group>"; };
		E691418724C7647D003A43EC /* CategoryCell.xib */ = {isa = PBXFileReference; lastKnownFileType = file.xib; path = CategoryCell.xib; sourceTree = "<group>"; };
		E691418A24C889C5003A43EC /* SelfResizingTableView.swift */ = {isa = PBXFileReference; lastKnownFileType = sourcecode.swift; path = SelfResizingTableView.swift; sourceTree = "<group>"; };
		E6DC563C24C22C0B00A5D91D /* NetworkInterface.swift */ = {isa = PBXFileReference; fileEncoding = 4; lastKnownFileType = sourcecode.swift; path = NetworkInterface.swift; sourceTree = "<group>"; };
		E6DC563D24C22C0B00A5D91D /* Network.swift */ = {isa = PBXFileReference; fileEncoding = 4; lastKnownFileType = sourcecode.swift; path = Network.swift; sourceTree = "<group>"; };
		E6DC563E24C22C0B00A5D91D /* RequestInfo.swift */ = {isa = PBXFileReference; fileEncoding = 4; lastKnownFileType = sourcecode.swift; path = RequestInfo.swift; sourceTree = "<group>"; };
		E6DC565E24C22CA100A5D91D /* ChannelsViewController.swift */ = {isa = PBXFileReference; lastKnownFileType = sourcecode.swift; path = ChannelsViewController.swift; sourceTree = "<group>"; };
		E6DC566624C22DBD00A5D91D /* CategoryEntities.swift */ = {isa = PBXFileReference; fileEncoding = 4; lastKnownFileType = sourcecode.swift; path = CategoryEntities.swift; sourceTree = "<group>"; };
		E6DC566824C22DBD00A5D91D /* CategoryPresenter.swift */ = {isa = PBXFileReference; fileEncoding = 4; lastKnownFileType = sourcecode.swift; path = CategoryPresenter.swift; sourceTree = "<group>"; };
		E6DC566A24C22DBD00A5D91D /* CategoryNetworkDao.swift */ = {isa = PBXFileReference; fileEncoding = 4; lastKnownFileType = sourcecode.swift; path = CategoryNetworkDao.swift; sourceTree = "<group>"; };
		E6DC567224C22DBD00A5D91D /* CategoryRepo.swift */ = {isa = PBXFileReference; fileEncoding = 4; lastKnownFileType = sourcecode.swift; path = CategoryRepo.swift; sourceTree = "<group>"; };
		E6DC568124C22F9200A5D91D /* ChannelsRouter.swift */ = {isa = PBXFileReference; lastKnownFileType = sourcecode.swift; path = ChannelsRouter.swift; sourceTree = "<group>"; };
		E6DC568324C232FD00A5D91D /* CategoryCell.swift */ = {isa = PBXFileReference; fileEncoding = 4; lastKnownFileType = sourcecode.swift; path = CategoryCell.swift; sourceTree = "<group>"; };
		E6DC568724C2333A00A5D91D /* NewEpisodesEntities.swift */ = {isa = PBXFileReference; fileEncoding = 4; lastKnownFileType = sourcecode.swift; path = NewEpisodesEntities.swift; sourceTree = "<group>"; };
		E6DC568924C2333A00A5D91D /* NewEpisodesPresenter.swift */ = {isa = PBXFileReference; fileEncoding = 4; lastKnownFileType = sourcecode.swift; path = NewEpisodesPresenter.swift; sourceTree = "<group>"; };
		E6DC568B24C2333A00A5D91D /* NewEpisodesNetworkDao.swift */ = {isa = PBXFileReference; fileEncoding = 4; lastKnownFileType = sourcecode.swift; path = NewEpisodesNetworkDao.swift; sourceTree = "<group>"; };
		E6DC568F24C2333A00A5D91D /* NewEpisodesCell.swift */ = {isa = PBXFileReference; fileEncoding = 4; lastKnownFileType = sourcecode.swift; path = NewEpisodesCell.swift; sourceTree = "<group>"; };
		E6DC569024C2333A00A5D91D /* NewEpisodesView.swift */ = {isa = PBXFileReference; fileEncoding = 4; lastKnownFileType = sourcecode.swift; path = NewEpisodesView.swift; sourceTree = "<group>"; };
		E6DC569324C2333A00A5D91D /* NewEpisodesRepo.swift */ = {isa = PBXFileReference; fileEncoding = 4; lastKnownFileType = sourcecode.swift; path = NewEpisodesRepo.swift; sourceTree = "<group>"; };
		EADE476B41564C0D418E849C /* Pods-Mind Valley App.debug.xcconfig */ = {isa = PBXFileReference; includeInIndex = 1; lastKnownFileType = text.xcconfig; name = "Pods-Mind Valley App.debug.xcconfig"; path = "Target Support Files/Pods-Mind Valley App/Pods-Mind Valley App.debug.xcconfig"; sourceTree = "<group>"; };
		F4966F14D615A46705340F22 /* Pods_Mind_Valley_AppTests.framework */ = {isa = PBXFileReference; explicitFileType = wrapper.framework; includeInIndex = 0; path = Pods_Mind_Valley_AppTests.framework; sourceTree = BUILT_PRODUCTS_DIR; };
		F83C8E69BBB6F750C454D11B /* Pods_Mind_Valley_App.framework */ = {isa = PBXFileReference; explicitFileType = wrapper.framework; includeInIndex = 0; path = Pods_Mind_Valley_App.framework; sourceTree = BUILT_PRODUCTS_DIR; };
/* End PBXFileReference section */

/* Begin PBXFrameworksBuildPhase section */
		E641D75224C1CDBB00FEB37E /* Frameworks */ = {
			isa = PBXFrameworksBuildPhase;
			buildActionMask = 2147483647;
			files = (
				9A8876AF4A69087FCE6EA282 /* Pods_Mind_Valley_App.framework in Frameworks */,
			);
			runOnlyForDeploymentPostprocessing = 0;
		};
		E641D76824C1CDBE00FEB37E /* Frameworks */ = {
			isa = PBXFrameworksBuildPhase;
			buildActionMask = 2147483647;
			files = (
				10DC2CF8C6D8A1CACA83F6C9 /* Pods_Mind_Valley_AppTests.framework in Frameworks */,
			);
			runOnlyForDeploymentPostprocessing = 0;
		};
/* End PBXFrameworksBuildPhase section */

/* Begin PBXGroup section */
		D637B9BC6B0AE78408E49C9C /* Frameworks */ = {
			isa = PBXGroup;
			children = (
				F83C8E69BBB6F750C454D11B /* Pods_Mind_Valley_App.framework */,
				F4966F14D615A46705340F22 /* Pods_Mind_Valley_AppTests.framework */,
			);
			name = Frameworks;
			sourceTree = "<group>";
		};
		D733D36D7D8F895765E85535 /* Pods */ = {
			isa = PBXGroup;
			children = (
				EADE476B41564C0D418E849C /* Pods-Mind Valley App.debug.xcconfig */,
				8150F755F75E7C312C5DEFFE /* Pods-Mind Valley App.release.xcconfig */,
				AA6BD3F33B217695FACF3A6C /* Pods-Mind Valley AppTests.debug.xcconfig */,
				28542AC5AC473AD097FE6028 /* Pods-Mind Valley AppTests.release.xcconfig */,
			);
			path = Pods;
			sourceTree = "<group>";
		};
		E6020F1E24C23DF8000D0A5C /* Subchannels component */ = {
			isa = PBXGroup;
			children = (
				E60FF25D24C3434600BD7208 /* Child components */,
				E6020F2424C23DF8000D0A5C /* Dao */,
				E6020F2024C23DF8000D0A5C /* Entity */,
				E6020F2224C23DF8000D0A5C /* Presenter */,
				E6020F2B24C23DF8000D0A5C /* Repo */,
				E6020F2624C23DF8000D0A5C /* View */,
			);
			path = "Subchannels component";
			sourceTree = "<group>";
		};
		E6020F2024C23DF8000D0A5C /* Entity */ = {
			isa = PBXGroup;
			children = (
				E6020F2124C23DF8000D0A5C /* SubchannelsEntities.swift */,
			);
			path = Entity;
			sourceTree = "<group>";
		};
		E6020F2224C23DF8000D0A5C /* Presenter */ = {
			isa = PBXGroup;
			children = (
				E6020F2324C23DF8000D0A5C /* SubchannelsPresenter.swift */,
			);
			path = Presenter;
			sourceTree = "<group>";
		};
		E6020F2424C23DF8000D0A5C /* Dao */ = {
			isa = PBXGroup;
			children = (
				E6020F4324C3141F000D0A5C /* SubchannelsMemoryDao.swift */,
				E6020F2524C23DF8000D0A5C /* SubchannelsNetworkDao.swift */,
			);
			path = Dao;
			sourceTree = "<group>";
		};
		E6020F2624C23DF8000D0A5C /* View */ = {
			isa = PBXGroup;
			children = (
				E6020F2724C23DF8000D0A5C /* SubchannelsView.swift */,
				E691416524C621DC003A43EC /* SubchannelsView.xib */,
			);
			path = View;
			sourceTree = "<group>";
		};
		E6020F2B24C23DF8000D0A5C /* Repo */ = {
			isa = PBXGroup;
			children = (
				E6020F2C24C23DF8000D0A5C /* SubchannelsRepo.swift */,
			);
			path = Repo;
			sourceTree = "<group>";
		};
		E6020F3C24C31211000D0A5C /* MemoryHandler */ = {
			isa = PBXGroup;
			children = (
				E6020F3D24C31228000D0A5C /* MemoryHandler.swift */,
				E6020F3F24C3124B000D0A5C /* MemoryHandlerInterface.swift */,
			);
			path = MemoryHandler;
			sourceTree = "<group>";
		};
		E60FF23E24C333DE00BD7208 /* Fonts */ = {
			isa = PBXGroup;
			children = (
				E60FF23F24C333F800BD7208 /* Roboto */,
			);
			path = Fonts;
			sourceTree = "<group>";
		};
		E60FF23F24C333F800BD7208 /* Roboto */ = {
			isa = PBXGroup;
			children = (
				E60FF24824C333F800BD7208 /* LICENSE.txt */,
				E60FF24C24C333F800BD7208 /* Roboto-Black.ttf */,
				E60FF24924C333F800BD7208 /* Roboto-BlackItalic.ttf */,
				E60FF24A24C333F800BD7208 /* Roboto-Bold.ttf */,
				E60FF24524C333F800BD7208 /* Roboto-BoldItalic.ttf */,
				E60FF24724C333F800BD7208 /* Roboto-Italic.ttf */,
				E60FF24124C333F800BD7208 /* Roboto-Light.ttf */,
				E60FF24624C333F800BD7208 /* Roboto-LightItalic.ttf */,
				E60FF24024C333F800BD7208 /* Roboto-Medium.ttf */,
				E60FF24324C333F800BD7208 /* Roboto-MediumItalic.ttf */,
				E60FF24224C333F800BD7208 /* Roboto-Regular.ttf */,
				E60FF24B24C333F800BD7208 /* Roboto-Thin.ttf */,
				E60FF24424C333F800BD7208 /* Roboto-ThinItalic.ttf */,
			);
			path = Roboto;
			sourceTree = "<group>";
		};
		E60FF25A24C334D600BD7208 /* FontKit */ = {
			isa = PBXGroup;
			children = (
				E60FF25B24C334E300BD7208 /* FontKit.swift */,
			);
			path = FontKit;
			sourceTree = "<group>";
		};
		E60FF25D24C3434600BD7208 /* Child components */ = {
			isa = PBXGroup;
			children = (
				E60FF29A24C3441B00BD7208 /* Courses component */,
				E60FF27C24C343CC00BD7208 /* Series component */,
			);
			path = "Child components";
			sourceTree = "<group>";
		};
		E60FF27C24C343CC00BD7208 /* Series component */ = {
			isa = PBXGroup;
			children = (
				E691417524C6462E003A43EC /* Presenter */,
				E60FF27F24C343CC00BD7208 /* View */,
			);
			path = "Series component";
			sourceTree = "<group>";
		};
		E60FF27F24C343CC00BD7208 /* View */ = {
			isa = PBXGroup;
			children = (
				E60FF28024C343CC00BD7208 /* Cells */,
				E60FF28224C343CC00BD7208 /* SeriesView.swift */,
				E691416924C6244A003A43EC /* SeriesView.xib */,
			);
			path = View;
			sourceTree = "<group>";
		};
		E60FF28024C343CC00BD7208 /* Cells */ = {
			isa = PBXGroup;
			children = (
				E60FF28124C343CC00BD7208 /* SeriesCell.swift */,
				E691417C24C64E2E003A43EC /* SeriesCell.xib */,
			);
			path = Cells;
			sourceTree = "<group>";
		};
		E60FF29A24C3441B00BD7208 /* Courses component */ = {
			isa = PBXGroup;
			children = (
				E691417224C645D8003A43EC /* Presenter */,
				E60FF29D24C3441B00BD7208 /* View */,
			);
			path = "Courses component";
			sourceTree = "<group>";
		};
		E60FF29D24C3441B00BD7208 /* View */ = {
			isa = PBXGroup;
			children = (
				E60FF29E24C3441B00BD7208 /* Cells */,
				E60FF2A124C3441B00BD7208 /* CoursesView.swift */,
				E691416724C6233A003A43EC /* CoursesView.xib */,
			);
			path = View;
			sourceTree = "<group>";
		};
		E60FF29E24C3441B00BD7208 /* Cells */ = {
			isa = PBXGroup;
			children = (
				E60FF29F24C3441B00BD7208 /* CoursesCell.swift */,
				E691417A24C64E17003A43EC /* CoursesCell.xib */,
			);
			path = Cells;
			sourceTree = "<group>";
		};
		E641D74C24C1CDBB00FEB37E = {
			isa = PBXGroup;
			children = (
				E641D75724C1CDBB00FEB37E /* Mind Valley App */,
				E641D76E24C1CDBE00FEB37E /* Mind Valley AppTests */,
				E641D75624C1CDBB00FEB37E /* Products */,
				D733D36D7D8F895765E85535 /* Pods */,
				D637B9BC6B0AE78408E49C9C /* Frameworks */,
			);
			sourceTree = "<group>";
		};
		E641D75624C1CDBB00FEB37E /* Products */ = {
			isa = PBXGroup;
			children = (
				E641D75524C1CDBB00FEB37E /* Mind Valley App.app */,
				E641D76B24C1CDBE00FEB37E /* Mind Valley AppTests.xctest */,
			);
			name = Products;
			sourceTree = "<group>";
		};
		E641D75724C1CDBB00FEB37E /* Mind Valley App */ = {
			isa = PBXGroup;
			children = (
				E6DC563A24C22C0B00A5D91D /* Core */,
				E6DC563924C22BCF00A5D91D /* Features */,
				E60FF23E24C333DE00BD7208 /* Fonts */,
				E641D75824C1CDBB00FEB37E /* AppDelegate.swift */,
				E641D76124C1CDBE00FEB37E /* Assets.xcassets */,
				E641D76624C1CDBE00FEB37E /* Info.plist */,
				E641D76324C1CDBE00FEB37E /* LaunchScreen.storyboard */,
				E641D75E24C1CDBB00FEB37E /* Main.storyboard */,
				E641D75A24C1CDBB00FEB37E /* SceneDelegate.swift */,
				E641D75C24C1CDBB00FEB37E /* ViewController.swift */,
			);
			path = "Mind Valley App";
			sourceTree = "<group>";
		};
		E641D76E24C1CDBE00FEB37E /* Mind Valley AppTests */ = {
			isa = PBXGroup;
			children = (
				E641D76F24C1CDBE00FEB37E /* Mind_Valley_AppTests.swift */,
				E641D77124C1CDBE00FEB37E /* Info.plist */,
			);
			path = "Mind Valley AppTests";
			sourceTree = "<group>";
		};
		E691416B24C630D8003A43EC /* Presenter */ = {
			isa = PBXGroup;
			children = (
				E691416C24C630FF003A43EC /* ChannelsPresenter.swift */,
			);
			path = Presenter;
			sourceTree = "<group>";
		};
		E691417224C645D8003A43EC /* Presenter */ = {
			isa = PBXGroup;
			children = (
				E691417324C645F7003A43EC /* CoursesPresenter.swift */,
			);
			path = Presenter;
			sourceTree = "<group>";
		};
		E691417524C6462E003A43EC /* Presenter */ = {
			isa = PBXGroup;
			children = (
				E691417824C64643003A43EC /* SeriesPresenter.swift */,
			);
			path = Presenter;
			sourceTree = "<group>";
		};
		E691418924C889AA003A43EC /* SelfResizingTableView */ = {
			isa = PBXGroup;
			children = (
				E691418A24C889C5003A43EC /* SelfResizingTableView.swift */,
			);
			path = SelfResizingTableView;
			sourceTree = "<group>";
		};
		E6DC563924C22BCF00A5D91D /* Features */ = {
			isa = PBXGroup;
			children = (
				E6DC564224C22C1300A5D91D /* Channels feature */,
			);
			path = Features;
			sourceTree = "<group>";
		};
		E6DC563A24C22C0B00A5D91D /* Core */ = {
			isa = PBXGroup;
			children = (
				E691418924C889AA003A43EC /* SelfResizingTableView */,
				E60FF25A24C334D600BD7208 /* FontKit */,
				E6020F3C24C31211000D0A5C /* MemoryHandler */,
				E6DC563B24C22C0B00A5D91D /* Network */,
			);
			path = Core;
			sourceTree = "<group>";
		};
		E6DC563B24C22C0B00A5D91D /* Network */ = {
			isa = PBXGroup;
			children = (
				E6DC563D24C22C0B00A5D91D /* Network.swift */,
				E6DC563C24C22C0B00A5D91D /* NetworkInterface.swift */,
				E6DC563E24C22C0B00A5D91D /* RequestInfo.swift */,
			);
			path = Network;
			sourceTree = "<group>";
		};
		E6DC564224C22C1300A5D91D /* Channels feature */ = {
			isa = PBXGroup;
			children = (
				E691417024C64358003A43EC /* ChannelsInterface.swift */,
				E6DC566324C22D9A00A5D91D /* Child components */,
				E691416B24C630D8003A43EC /* Presenter */,
				E6DC568024C22F8400A5D91D /* Router */,
				E6DC565D24C22C8800A5D91D /* View */,
			);
			path = "Channels feature";
			sourceTree = "<group>";
		};
		E6DC565D24C22C8800A5D91D /* View */ = {
			isa = PBXGroup;
			children = (
				E6020F3824C300CB000D0A5C /* ChannelsViewController.storyboard */,
				E6DC565E24C22CA100A5D91D /* ChannelsViewController.swift */,
			);
			path = View;
			sourceTree = "<group>";
		};
		E6DC566324C22D9A00A5D91D /* Child components */ = {
			isa = PBXGroup;
			children = (
				E6DC566424C22DBD00A5D91D /* Category component */,
				E6DC568524C2333A00A5D91D /* New episodes component */,
				E6020F1E24C23DF8000D0A5C /* Subchannels component */,
			);
			path = "Child components";
			sourceTree = "<group>";
		};
		E6DC566424C22DBD00A5D91D /* Category component */ = {
			isa = PBXGroup;
			children = (
				E6DC566924C22DBD00A5D91D /* Dao */,
				E6DC566524C22DBD00A5D91D /* Entity */,
				E6DC566724C22DBD00A5D91D /* Presenter */,
				E6DC567124C22DBD00A5D91D /* Repo */,
				E6DC566B24C22DBD00A5D91D /* View */,
			);
			path = "Category component";
			sourceTree = "<group>";
		};
		E6DC566524C22DBD00A5D91D /* Entity */ = {
			isa = PBXGroup;
			children = (
				E6DC566624C22DBD00A5D91D /* CategoryEntities.swift */,
			);
			path = Entity;
			sourceTree = "<group>";
		};
		E6DC566724C22DBD00A5D91D /* Presenter */ = {
			isa = PBXGroup;
			children = (
				E6DC566824C22DBD00A5D91D /* CategoryPresenter.swift */,
			);
			path = Presenter;
			sourceTree = "<group>";
		};
		E6DC566924C22DBD00A5D91D /* Dao */ = {
			isa = PBXGroup;
			children = (
				E6DC566A24C22DBD00A5D91D /* CategoryNetworkDao.swift */,
				E6020F3A24C311C5000D0A5C /* CategoryMemoryDao.swift */,
			);
			path = Dao;
			sourceTree = "<group>";
		};
		E6DC566B24C22DBD00A5D91D /* View */ = {
			isa = PBXGroup;
			children = (
				E6DC566C24C22DBD00A5D91D /* Cells */,
				E691415F24C61F48003A43EC /* CategoryView.swift */,
				E691416124C61F80003A43EC /* CategoryView.xib */,
			);
			path = View;
			sourceTree = "<group>";
		};
		E6DC566C24C22DBD00A5D91D /* Cells */ = {
			isa = PBXGroup;
			children = (
				E6DC568324C232FD00A5D91D /* CategoryCell.swift */,
				E691418724C7647D003A43EC /* CategoryCell.xib */,
			);
			path = Cells;
			sourceTree = "<group>";
		};
		E6DC567124C22DBD00A5D91D /* Repo */ = {
			isa = PBXGroup;
			children = (
				E6DC567224C22DBD00A5D91D /* CategoryRepo.swift */,
			);
			path = Repo;
			sourceTree = "<group>";
		};
		E6DC568024C22F8400A5D91D /* Router */ = {
			isa = PBXGroup;
			children = (
				E6DC568124C22F9200A5D91D /* ChannelsRouter.swift */,
			);
			path = Router;
			sourceTree = "<group>";
		};
		E6DC568524C2333A00A5D91D /* New episodes component */ = {
			isa = PBXGroup;
			children = (
				E6DC568A24C2333A00A5D91D /* Dao */,
				E6DC568624C2333A00A5D91D /* Entity */,
				E6DC568824C2333A00A5D91D /* Presenter */,
				E6DC569224C2333A00A5D91D /* Repo */,
				E6DC568D24C2333A00A5D91D /* View */,
			);
			path = "New episodes component";
			sourceTree = "<group>";
		};
		E6DC568624C2333A00A5D91D /* Entity */ = {
			isa = PBXGroup;
			children = (
				E6DC568724C2333A00A5D91D /* NewEpisodesEntities.swift */,
			);
			path = Entity;
			sourceTree = "<group>";
		};
		E6DC568824C2333A00A5D91D /* Presenter */ = {
			isa = PBXGroup;
			children = (
				E6DC568924C2333A00A5D91D /* NewEpisodesPresenter.swift */,
			);
			path = Presenter;
			sourceTree = "<group>";
		};
		E6DC568A24C2333A00A5D91D /* Dao */ = {
			isa = PBXGroup;
			children = (
				E6020F4124C3139E000D0A5C /* NewEpisodesMemoryDao.swift */,
				E6DC568B24C2333A00A5D91D /* NewEpisodesNetworkDao.swift */,
			);
			path = Dao;
			sourceTree = "<group>";
		};
		E6DC568D24C2333A00A5D91D /* View */ = {
			isa = PBXGroup;
			children = (
				E6DC568E24C2333A00A5D91D /* Cells */,
				E6DC569024C2333A00A5D91D /* NewEpisodesView.swift */,
				E691416324C62166003A43EC /* NewEpisodesView.xib */,
			);
			path = View;
			sourceTree = "<group>";
		};
		E6DC568E24C2333A00A5D91D /* Cells */ = {
			isa = PBXGroup;
			children = (
				E6DC568F24C2333A00A5D91D /* NewEpisodesCell.swift */,
				E691416E24C63FAE003A43EC /* NewEpisodesCell.xib */,
			);
			path = Cells;
			sourceTree = "<group>";
		};
		E6DC569224C2333A00A5D91D /* Repo */ = {
			isa = PBXGroup;
			children = (
				E6DC569324C2333A00A5D91D /* NewEpisodesRepo.swift */,
			);
			path = Repo;
			sourceTree = "<group>";
		};
/* End PBXGroup section */

/* Begin PBXNativeTarget section */
		E641D75424C1CDBB00FEB37E /* Mind Valley App */ = {
			isa = PBXNativeTarget;
			buildConfigurationList = E641D77424C1CDBE00FEB37E /* Build configuration list for PBXNativeTarget "Mind Valley App" */;
			buildPhases = (
				5F403FBA6A6935ABC08C2C66 /* [CP] Check Pods Manifest.lock */,
				E641D75124C1CDBB00FEB37E /* Sources */,
				E641D75224C1CDBB00FEB37E /* Frameworks */,
				E641D75324C1CDBB00FEB37E /* Resources */,
				9B690092F10DE06BE9403B53 /* [CP] Embed Pods Frameworks */,
			);
			buildRules = (
			);
			dependencies = (
			);
			name = "Mind Valley App";
			productName = "Mind Valley App";
			productReference = E641D75524C1CDBB00FEB37E /* Mind Valley App.app */;
			productType = "com.apple.product-type.application";
		};
		E641D76A24C1CDBE00FEB37E /* Mind Valley AppTests */ = {
			isa = PBXNativeTarget;
			buildConfigurationList = E641D77724C1CDBE00FEB37E /* Build configuration list for PBXNativeTarget "Mind Valley AppTests" */;
			buildPhases = (
				629C62249A74237DC910F7FB /* [CP] Check Pods Manifest.lock */,
				E641D76724C1CDBE00FEB37E /* Sources */,
				E641D76824C1CDBE00FEB37E /* Frameworks */,
				E641D76924C1CDBE00FEB37E /* Resources */,
			);
			buildRules = (
			);
			dependencies = (
				E641D76D24C1CDBE00FEB37E /* PBXTargetDependency */,
			);
			name = "Mind Valley AppTests";
			productName = "Mind Valley AppTests";
			productReference = E641D76B24C1CDBE00FEB37E /* Mind Valley AppTests.xctest */;
			productType = "com.apple.product-type.bundle.unit-test";
		};
/* End PBXNativeTarget section */

/* Begin PBXProject section */
		E641D74D24C1CDBB00FEB37E /* Project object */ = {
			isa = PBXProject;
			attributes = {
				LastSwiftUpdateCheck = 1150;
				LastUpgradeCheck = 1150;
				ORGANIZATIONNAME = "Adnan Zahid";
				TargetAttributes = {
					E641D75424C1CDBB00FEB37E = {
						CreatedOnToolsVersion = 11.5;
					};
					E641D76A24C1CDBE00FEB37E = {
						CreatedOnToolsVersion = 11.5;
						TestTargetID = E641D75424C1CDBB00FEB37E;
					};
				};
			};
			buildConfigurationList = E641D75024C1CDBB00FEB37E /* Build configuration list for PBXProject "Mind Valley App" */;
			compatibilityVersion = "Xcode 9.3";
			developmentRegion = en;
			hasScannedForEncodings = 0;
			knownRegions = (
				en,
				Base,
			);
			mainGroup = E641D74C24C1CDBB00FEB37E;
			productRefGroup = E641D75624C1CDBB00FEB37E /* Products */;
			projectDirPath = "";
			projectRoot = "";
			targets = (
				E641D75424C1CDBB00FEB37E /* Mind Valley App */,
				E641D76A24C1CDBE00FEB37E /* Mind Valley AppTests */,
			);
		};
/* End PBXProject section */

/* Begin PBXResourcesBuildPhase section */
		E641D75324C1CDBB00FEB37E /* Resources */ = {
			isa = PBXResourcesBuildPhase;
			buildActionMask = 2147483647;
			files = (
				E60FF25124C333F800BD7208 /* Roboto-ThinItalic.ttf in Resources */,
				E60FF24D24C333F800BD7208 /* Roboto-Medium.ttf in Resources */,
				E691416224C61F80003A43EC /* CategoryView.xib in Resources */,
				E60FF25624C333F800BD7208 /* Roboto-BlackItalic.ttf in Resources */,
				E60FF25324C333F800BD7208 /* Roboto-LightItalic.ttf in Resources */,
				E691416624C621DC003A43EC /* SubchannelsView.xib in Resources */,
				E60FF24F24C333F800BD7208 /* Roboto-Regular.ttf in Resources */,
				E60FF25224C333F800BD7208 /* Roboto-BoldItalic.ttf in Resources */,
				E60FF25924C333F800BD7208 /* Roboto-Black.ttf in Resources */,
				E60FF25424C333F800BD7208 /* Roboto-Italic.ttf in Resources */,
				E6020F3924C300CB000D0A5C /* ChannelsViewController.storyboard in Resources */,
				E641D76524C1CDBE00FEB37E /* LaunchScreen.storyboard in Resources */,
				E691417B24C64E17003A43EC /* CoursesCell.xib in Resources */,
				E641D76224C1CDBE00FEB37E /* Assets.xcassets in Resources */,
				E641D76024C1CDBB00FEB37E /* Main.storyboard in Resources */,
				E691416F24C63FAE003A43EC /* NewEpisodesCell.xib in Resources */,
				E60FF25524C333F800BD7208 /* LICENSE.txt in Resources */,
				E691418824C7647D003A43EC /* CategoryCell.xib in Resources */,
				E691416424C62166003A43EC /* NewEpisodesView.xib in Resources */,
				E691416824C6233A003A43EC /* CoursesView.xib in Resources */,
				E60FF25824C333F800BD7208 /* Roboto-Thin.ttf in Resources */,
				E691416A24C6244A003A43EC /* SeriesView.xib in Resources */,
				E60FF25724C333F800BD7208 /* Roboto-Bold.ttf in Resources */,
				E691417D24C64E2E003A43EC /* SeriesCell.xib in Resources */,
				E60FF25024C333F800BD7208 /* Roboto-MediumItalic.ttf in Resources */,
				E60FF24E24C333F800BD7208 /* Roboto-Light.ttf in Resources */,
			);
			runOnlyForDeploymentPostprocessing = 0;
		};
		E641D76924C1CDBE00FEB37E /* Resources */ = {
			isa = PBXResourcesBuildPhase;
			buildActionMask = 2147483647;
			files = (
			);
			runOnlyForDeploymentPostprocessing = 0;
		};
/* End PBXResourcesBuildPhase section */

/* Begin PBXShellScriptBuildPhase section */
		5F403FBA6A6935ABC08C2C66 /* [CP] Check Pods Manifest.lock */ = {
			isa = PBXShellScriptBuildPhase;
			buildActionMask = 2147483647;
			files = (
			);
			inputFileListPaths = (
			);
			inputPaths = (
				"${PODS_PODFILE_DIR_PATH}/Podfile.lock",
				"${PODS_ROOT}/Manifest.lock",
			);
			name = "[CP] Check Pods Manifest.lock";
			outputFileListPaths = (
			);
			outputPaths = (
				"$(DERIVED_FILE_DIR)/Pods-Mind Valley App-checkManifestLockResult.txt",
			);
			runOnlyForDeploymentPostprocessing = 0;
			shellPath = /bin/sh;
			shellScript = "diff \"${PODS_PODFILE_DIR_PATH}/Podfile.lock\" \"${PODS_ROOT}/Manifest.lock\" > /dev/null\nif [ $? != 0 ] ; then\n    # print error to STDERR\n    echo \"error: The sandbox is not in sync with the Podfile.lock. Run 'pod install' or update your CocoaPods installation.\" >&2\n    exit 1\nfi\n# This output is used by Xcode 'outputs' to avoid re-running this script phase.\necho \"SUCCESS\" > \"${SCRIPT_OUTPUT_FILE_0}\"\n";
			showEnvVarsInLog = 0;
		};
		629C62249A74237DC910F7FB /* [CP] Check Pods Manifest.lock */ = {
			isa = PBXShellScriptBuildPhase;
			buildActionMask = 2147483647;
			files = (
			);
			inputFileListPaths = (
			);
			inputPaths = (
				"${PODS_PODFILE_DIR_PATH}/Podfile.lock",
				"${PODS_ROOT}/Manifest.lock",
			);
			name = "[CP] Check Pods Manifest.lock";
			outputFileListPaths = (
			);
			outputPaths = (
				"$(DERIVED_FILE_DIR)/Pods-Mind Valley AppTests-checkManifestLockResult.txt",
			);
			runOnlyForDeploymentPostprocessing = 0;
			shellPath = /bin/sh;
			shellScript = "diff \"${PODS_PODFILE_DIR_PATH}/Podfile.lock\" \"${PODS_ROOT}/Manifest.lock\" > /dev/null\nif [ $? != 0 ] ; then\n    # print error to STDERR\n    echo \"error: The sandbox is not in sync with the Podfile.lock. Run 'pod install' or update your CocoaPods installation.\" >&2\n    exit 1\nfi\n# This output is used by Xcode 'outputs' to avoid re-running this script phase.\necho \"SUCCESS\" > \"${SCRIPT_OUTPUT_FILE_0}\"\n";
			showEnvVarsInLog = 0;
		};
		9B690092F10DE06BE9403B53 /* [CP] Embed Pods Frameworks */ = {
			isa = PBXShellScriptBuildPhase;
			buildActionMask = 2147483647;
			files = (
			);
			inputFileListPaths = (
				"${PODS_ROOT}/Target Support Files/Pods-Mind Valley App/Pods-Mind Valley App-frameworks-${CONFIGURATION}-input-files.xcfilelist",
			);
			name = "[CP] Embed Pods Frameworks";
			outputFileListPaths = (
				"${PODS_ROOT}/Target Support Files/Pods-Mind Valley App/Pods-Mind Valley App-frameworks-${CONFIGURATION}-output-files.xcfilelist",
			);
			runOnlyForDeploymentPostprocessing = 0;
			shellPath = /bin/sh;
			shellScript = "\"${PODS_ROOT}/Target Support Files/Pods-Mind Valley App/Pods-Mind Valley App-frameworks.sh\"\n";
			showEnvVarsInLog = 0;
		};
/* End PBXShellScriptBuildPhase section */

/* Begin PBXSourcesBuildPhase section */
		E641D75124C1CDBB00FEB37E /* Sources */ = {
			isa = PBXSourcesBuildPhase;
			buildActionMask = 2147483647;
			files = (
				E6DC565F24C22CA100A5D91D /* ChannelsViewController.swift in Sources */,
				E6DC564024C22C0B00A5D91D /* Network.swift in Sources */,
				E6DC569624C2333A00A5D91D /* NewEpisodesEntities.swift in Sources */,
				E6020F3324C23DF8000D0A5C /* SubchannelsView.swift in Sources */,
				E6DC564124C22C0B00A5D91D /* RequestInfo.swift in Sources */,
				E6DC567524C22DBD00A5D91D /* CategoryEntities.swift in Sources */,
				E6DC569A24C2333A00A5D91D /* NewEpisodesCell.swift in Sources */,
				E6DC563F24C22C0B00A5D91D /* NetworkInterface.swift in Sources */,
				E6DC569B24C2333A00A5D91D /* NewEpisodesView.swift in Sources */,
				E6DC568424C232FD00A5D91D /* CategoryCell.swift in Sources */,
				E60FF29224C343CC00BD7208 /* SeriesView.swift in Sources */,
				E6DC567724C22DBD00A5D91D /* CategoryNetworkDao.swift in Sources */,
				E60FF25C24C334E300BD7208 /* FontKit.swift in Sources */,
				E6DC567C24C22DBD00A5D91D /* CategoryRepo.swift in Sources */,
				E6DC567624C22DBD00A5D91D /* CategoryPresenter.swift in Sources */,
				E6020F3024C23DF8000D0A5C /* SubchannelsEntities.swift in Sources */,
				E6DC569724C2333A00A5D91D /* NewEpisodesPresenter.swift in Sources */,
				E60FF29124C343CC00BD7208 /* SeriesCell.swift in Sources */,
				E6020F4424C3141F000D0A5C /* SubchannelsMemoryDao.swift in Sources */,
				E691417424C645F7003A43EC /* CoursesPresenter.swift in Sources */,
				E60FF2A724C3441B00BD7208 /* CoursesView.swift in Sources */,
				E6020F4024C3124B000D0A5C /* MemoryHandlerInterface.swift in Sources */,
				E6020F3B24C311C5000D0A5C /* CategoryMemoryDao.swift in Sources */,
				E6020F4224C3139E000D0A5C /* NewEpisodesMemoryDao.swift in Sources */,
				E691417124C64358003A43EC /* ChannelsInterface.swift in Sources */,
				E641D75D24C1CDBB00FEB37E /* ViewController.swift in Sources */,
				E6020F3224C23DF8000D0A5C /* SubchannelsNetworkDao.swift in Sources */,
				E60FF2A524C3441B00BD7208 /* CoursesCell.swift in Sources */,
				E691417924C64643003A43EC /* SeriesPresenter.swift in Sources */,
				E6DC568224C22F9200A5D91D /* ChannelsRouter.swift in Sources */,
				E691418B24C889C5003A43EC /* SelfResizingTableView.swift in Sources */,
				E691416024C61F48003A43EC /* CategoryView.swift in Sources */,
				E6020F3624C23DF8000D0A5C /* SubchannelsRepo.swift in Sources */,
				E6020F3E24C31228000D0A5C /* MemoryHandler.swift in Sources */,
				E691416D24C630FF003A43EC /* ChannelsPresenter.swift in Sources */,
				E641D75924C1CDBB00FEB37E /* AppDelegate.swift in Sources */,
				E641D75B24C1CDBB00FEB37E /* SceneDelegate.swift in Sources */,
				E6DC569D24C2333A00A5D91D /* NewEpisodesRepo.swift in Sources */,
				E6DC569824C2333A00A5D91D /* NewEpisodesNetworkDao.swift in Sources */,
				E6020F3124C23DF8000D0A5C /* SubchannelsPresenter.swift in Sources */,
			);
			runOnlyForDeploymentPostprocessing = 0;
		};
		E641D76724C1CDBE00FEB37E /* Sources */ = {
			isa = PBXSourcesBuildPhase;
			buildActionMask = 2147483647;
			files = (
				E641D77024C1CDBE00FEB37E /* Mind_Valley_AppTests.swift in Sources */,
			);
			runOnlyForDeploymentPostprocessing = 0;
		};
/* End PBXSourcesBuildPhase section */

/* Begin PBXTargetDependency section */
		E641D76D24C1CDBE00FEB37E /* PBXTargetDependency */ = {
			isa = PBXTargetDependency;
			target = E641D75424C1CDBB00FEB37E /* Mind Valley App */;
			targetProxy = E641D76C24C1CDBE00FEB37E /* PBXContainerItemProxy */;
		};
/* End PBXTargetDependency section */

/* Begin PBXVariantGroup section */
		E641D75E24C1CDBB00FEB37E /* Main.storyboard */ = {
			isa = PBXVariantGroup;
			children = (
				E641D75F24C1CDBB00FEB37E /* Base */,
			);
			name = Main.storyboard;
			sourceTree = "<group>";
		};
		E641D76324C1CDBE00FEB37E /* LaunchScreen.storyboard */ = {
			isa = PBXVariantGroup;
			children = (
				E641D76424C1CDBE00FEB37E /* Base */,
			);
			name = LaunchScreen.storyboard;
			sourceTree = "<group>";
		};
/* End PBXVariantGroup section */

/* Begin XCBuildConfiguration section */
		E641D77224C1CDBE00FEB37E /* Debug */ = {
			isa = XCBuildConfiguration;
			buildSettings = {
				ALWAYS_SEARCH_USER_PATHS = NO;
				CLANG_ANALYZER_NONNULL = YES;
				CLANG_ANALYZER_NUMBER_OBJECT_CONVERSION = YES_AGGRESSIVE;
				CLANG_CXX_LANGUAGE_STANDARD = "gnu++14";
				CLANG_CXX_LIBRARY = "libc++";
				CLANG_ENABLE_MODULES = YES;
				CLANG_ENABLE_OBJC_ARC = YES;
				CLANG_ENABLE_OBJC_WEAK = YES;
				CLANG_WARN_BLOCK_CAPTURE_AUTORELEASING = YES;
				CLANG_WARN_BOOL_CONVERSION = YES;
				CLANG_WARN_COMMA = YES;
				CLANG_WARN_CONSTANT_CONVERSION = YES;
				CLANG_WARN_DEPRECATED_OBJC_IMPLEMENTATIONS = YES;
				CLANG_WARN_DIRECT_OBJC_ISA_USAGE = YES_ERROR;
				CLANG_WARN_DOCUMENTATION_COMMENTS = YES;
				CLANG_WARN_EMPTY_BODY = YES;
				CLANG_WARN_ENUM_CONVERSION = YES;
				CLANG_WARN_INFINITE_RECURSION = YES;
				CLANG_WARN_INT_CONVERSION = YES;
				CLANG_WARN_NON_LITERAL_NULL_CONVERSION = YES;
				CLANG_WARN_OBJC_IMPLICIT_RETAIN_SELF = YES;
				CLANG_WARN_OBJC_LITERAL_CONVERSION = YES;
				CLANG_WARN_OBJC_ROOT_CLASS = YES_ERROR;
				CLANG_WARN_RANGE_LOOP_ANALYSIS = YES;
				CLANG_WARN_STRICT_PROTOTYPES = YES;
				CLANG_WARN_SUSPICIOUS_MOVE = YES;
				CLANG_WARN_UNGUARDED_AVAILABILITY = YES_AGGRESSIVE;
				CLANG_WARN_UNREACHABLE_CODE = YES;
				CLANG_WARN__DUPLICATE_METHOD_MATCH = YES;
				COPY_PHASE_STRIP = NO;
				DEBUG_INFORMATION_FORMAT = dwarf;
				ENABLE_STRICT_OBJC_MSGSEND = YES;
				ENABLE_TESTABILITY = YES;
				GCC_C_LANGUAGE_STANDARD = gnu11;
				GCC_DYNAMIC_NO_PIC = NO;
				GCC_NO_COMMON_BLOCKS = YES;
				GCC_OPTIMIZATION_LEVEL = 0;
				GCC_PREPROCESSOR_DEFINITIONS = (
					"DEBUG=1",
					"$(inherited)",
				);
				GCC_WARN_64_TO_32_BIT_CONVERSION = YES;
				GCC_WARN_ABOUT_RETURN_TYPE = YES_ERROR;
				GCC_WARN_UNDECLARED_SELECTOR = YES;
				GCC_WARN_UNINITIALIZED_AUTOS = YES_AGGRESSIVE;
				GCC_WARN_UNUSED_FUNCTION = YES;
				GCC_WARN_UNUSED_VARIABLE = YES;
				IPHONEOS_DEPLOYMENT_TARGET = 13.5;
				MTL_ENABLE_DEBUG_INFO = INCLUDE_SOURCE;
				MTL_FAST_MATH = YES;
				ONLY_ACTIVE_ARCH = YES;
				SDKROOT = iphoneos;
				SWIFT_ACTIVE_COMPILATION_CONDITIONS = DEBUG;
				SWIFT_OPTIMIZATION_LEVEL = "-Onone";
			};
			name = Debug;
		};
		E641D77324C1CDBE00FEB37E /* Release */ = {
			isa = XCBuildConfiguration;
			buildSettings = {
				ALWAYS_SEARCH_USER_PATHS = NO;
				CLANG_ANALYZER_NONNULL = YES;
				CLANG_ANALYZER_NUMBER_OBJECT_CONVERSION = YES_AGGRESSIVE;
				CLANG_CXX_LANGUAGE_STANDARD = "gnu++14";
				CLANG_CXX_LIBRARY = "libc++";
				CLANG_ENABLE_MODULES = YES;
				CLANG_ENABLE_OBJC_ARC = YES;
				CLANG_ENABLE_OBJC_WEAK = YES;
				CLANG_WARN_BLOCK_CAPTURE_AUTORELEASING = YES;
				CLANG_WARN_BOOL_CONVERSION = YES;
				CLANG_WARN_COMMA = YES;
				CLANG_WARN_CONSTANT_CONVERSION = YES;
				CLANG_WARN_DEPRECATED_OBJC_IMPLEMENTATIONS = YES;
				CLANG_WARN_DIRECT_OBJC_ISA_USAGE = YES_ERROR;
				CLANG_WARN_DOCUMENTATION_COMMENTS = YES;
				CLANG_WARN_EMPTY_BODY = YES;
				CLANG_WARN_ENUM_CONVERSION = YES;
				CLANG_WARN_INFINITE_RECURSION = YES;
				CLANG_WARN_INT_CONVERSION = YES;
				CLANG_WARN_NON_LITERAL_NULL_CONVERSION = YES;
				CLANG_WARN_OBJC_IMPLICIT_RETAIN_SELF = YES;
				CLANG_WARN_OBJC_LITERAL_CONVERSION = YES;
				CLANG_WARN_OBJC_ROOT_CLASS = YES_ERROR;
				CLANG_WARN_RANGE_LOOP_ANALYSIS = YES;
				CLANG_WARN_STRICT_PROTOTYPES = YES;
				CLANG_WARN_SUSPICIOUS_MOVE = YES;
				CLANG_WARN_UNGUARDED_AVAILABILITY = YES_AGGRESSIVE;
				CLANG_WARN_UNREACHABLE_CODE = YES;
				CLANG_WARN__DUPLICATE_METHOD_MATCH = YES;
				COPY_PHASE_STRIP = NO;
				DEBUG_INFORMATION_FORMAT = "dwarf-with-dsym";
				ENABLE_NS_ASSERTIONS = NO;
				ENABLE_STRICT_OBJC_MSGSEND = YES;
				GCC_C_LANGUAGE_STANDARD = gnu11;
				GCC_NO_COMMON_BLOCKS = YES;
				GCC_WARN_64_TO_32_BIT_CONVERSION = YES;
				GCC_WARN_ABOUT_RETURN_TYPE = YES_ERROR;
				GCC_WARN_UNDECLARED_SELECTOR = YES;
				GCC_WARN_UNINITIALIZED_AUTOS = YES_AGGRESSIVE;
				GCC_WARN_UNUSED_FUNCTION = YES;
				GCC_WARN_UNUSED_VARIABLE = YES;
				IPHONEOS_DEPLOYMENT_TARGET = 13.5;
				MTL_ENABLE_DEBUG_INFO = NO;
				MTL_FAST_MATH = YES;
				SDKROOT = iphoneos;
				SWIFT_COMPILATION_MODE = wholemodule;
				SWIFT_OPTIMIZATION_LEVEL = "-O";
				VALIDATE_PRODUCT = YES;
			};
			name = Release;
		};
		E641D77524C1CDBE00FEB37E /* Debug */ = {
			isa = XCBuildConfiguration;
			baseConfigurationReference = EADE476B41564C0D418E849C /* Pods-Mind Valley App.debug.xcconfig */;
			buildSettings = {
				ASSETCATALOG_COMPILER_APPICON_NAME = AppIcon;
				CODE_SIGN_STYLE = Automatic;
				DEVELOPMENT_TEAM = Q666HR669V;
				INFOPLIST_FILE = "Mind Valley App/Info.plist";
				LD_RUNPATH_SEARCH_PATHS = (
					"$(inherited)",
					"@executable_path/Frameworks",
				);
				PRODUCT_BUNDLE_IDENTIFIER = "MindValleyApp.Mind-Valley-App";
				PRODUCT_NAME = "$(TARGET_NAME)";
				SWIFT_VERSION = 5.0;
				TARGETED_DEVICE_FAMILY = "1,2";
			};
			name = Debug;
		};
		E641D77624C1CDBE00FEB37E /* Release */ = {
			isa = XCBuildConfiguration;
			baseConfigurationReference = 8150F755F75E7C312C5DEFFE /* Pods-Mind Valley App.release.xcconfig */;
			buildSettings = {
				ASSETCATALOG_COMPILER_APPICON_NAME = AppIcon;
				CODE_SIGN_STYLE = Automatic;
				DEVELOPMENT_TEAM = Q666HR669V;
				INFOPLIST_FILE = "Mind Valley App/Info.plist";
				LD_RUNPATH_SEARCH_PATHS = (
					"$(inherited)",
					"@executable_path/Frameworks",
				);
				PRODUCT_BUNDLE_IDENTIFIER = "MindValleyApp.Mind-Valley-App";
				PRODUCT_NAME = "$(TARGET_NAME)";
				SWIFT_VERSION = 5.0;
				TARGETED_DEVICE_FAMILY = "1,2";
			};
			name = Release;
		};
		E641D77824C1CDBE00FEB37E /* Debug */ = {
			isa = XCBuildConfiguration;
			baseConfigurationReference = AA6BD3F33B217695FACF3A6C /* Pods-Mind Valley AppTests.debug.xcconfig */;
			buildSettings = {
				ALWAYS_EMBED_SWIFT_STANDARD_LIBRARIES = YES;
				BUNDLE_LOADER = "$(TEST_HOST)";
				CODE_SIGN_STYLE = Automatic;
				DEVELOPMENT_TEAM = Q666HR669V;
				INFOPLIST_FILE = "Mind Valley AppTests/Info.plist";
				IPHONEOS_DEPLOYMENT_TARGET = 13.5;
				LD_RUNPATH_SEARCH_PATHS = (
					"$(inherited)",
					"@executable_path/Frameworks",
					"@loader_path/Frameworks",
				);
				PRODUCT_BUNDLE_IDENTIFIER = "MindValleyApp.Mind-Valley-AppTests";
				PRODUCT_NAME = "$(TARGET_NAME)";
				SWIFT_VERSION = 5.0;
				TARGETED_DEVICE_FAMILY = "1,2";
				TEST_HOST = "$(BUILT_PRODUCTS_DIR)/Mind Valley App.app/Mind Valley App";
			};
			name = Debug;
		};
		E641D77924C1CDBE00FEB37E /* Release */ = {
			isa = XCBuildConfiguration;
			baseConfigurationReference = 28542AC5AC473AD097FE6028 /* Pods-Mind Valley AppTests.release.xcconfig */;
			buildSettings = {
				ALWAYS_EMBED_SWIFT_STANDARD_LIBRARIES = YES;
				BUNDLE_LOADER = "$(TEST_HOST)";
				CODE_SIGN_STYLE = Automatic;
				DEVELOPMENT_TEAM = Q666HR669V;
				INFOPLIST_FILE = "Mind Valley AppTests/Info.plist";
				IPHONEOS_DEPLOYMENT_TARGET = 13.5;
				LD_RUNPATH_SEARCH_PATHS = (
					"$(inherited)",
					"@executable_path/Frameworks",
					"@loader_path/Frameworks",
				);
				PRODUCT_BUNDLE_IDENTIFIER = "MindValleyApp.Mind-Valley-AppTests";
				PRODUCT_NAME = "$(TARGET_NAME)";
				SWIFT_VERSION = 5.0;
				TARGETED_DEVICE_FAMILY = "1,2";
				TEST_HOST = "$(BUILT_PRODUCTS_DIR)/Mind Valley App.app/Mind Valley App";
			};
			name = Release;
		};
/* End XCBuildConfiguration section */

/* Begin XCConfigurationList section */
		E641D75024C1CDBB00FEB37E /* Build configuration list for PBXProject "Mind Valley App" */ = {
			isa = XCConfigurationList;
			buildConfigurations = (
				E641D77224C1CDBE00FEB37E /* Debug */,
				E641D77324C1CDBE00FEB37E /* Release */,
			);
			defaultConfigurationIsVisible = 0;
			defaultConfigurationName = Release;
		};
		E641D77424C1CDBE00FEB37E /* Build configuration list for PBXNativeTarget "Mind Valley App" */ = {
			isa = XCConfigurationList;
			buildConfigurations = (
				E641D77524C1CDBE00FEB37E /* Debug */,
				E641D77624C1CDBE00FEB37E /* Release */,
			);
			defaultConfigurationIsVisible = 0;
			defaultConfigurationName = Release;
		};
		E641D77724C1CDBE00FEB37E /* Build configuration list for PBXNativeTarget "Mind Valley AppTests" */ = {
			isa = XCConfigurationList;
			buildConfigurations = (
				E641D77824C1CDBE00FEB37E /* Debug */,
				E641D77924C1CDBE00FEB37E /* Release */,
			);
			defaultConfigurationIsVisible = 0;
			defaultConfigurationName = Release;
		};
/* End XCConfigurationList section */
	};
	rootObject = E641D74D24C1CDBB00FEB37E /* Project object */;
}
